
Microsoft Visual Studio Solution File, Format Version 12.00
# Visual Studio Version 17
VisualStudioVersion = 17.7.34031.279
MinimumVisualStudioVersion = 10.0.40219.1
Project("{FAE04EC0-301F-11D3-BF4B-00C04F79EFBC}") = "Lab_car", "Lab_car.csproj", "{23F6D9B5-E009-44DC-B5FF-30EAA9149160}"
EndProject
Global
	GlobalSection(SolutionConfigurationPlatforms) = preSolution
		Debug|Any CPU = Debug|Any CPU
		Release|Any CPU = Release|Any CPU
	EndGlobalSection
	GlobalSection(ProjectConfigurationPlatforms) = postSolution
		{23F6D9B5-E009-44DC-B5FF-30EAA9149160}.Debug|Any CPU.ActiveCfg = Debug|Any CPU
		{23F6D9B5-E009-44DC-B5FF-30EAA9149160}.Debug|Any CPU.Build.0 = Debug|Any CPU
		{23F6D9B5-E009-44DC-B5FF-30EAA9149160}.Release|Any CPU.ActiveCfg = Release|Any CPU
		{23F6D9B5-E009-44DC-B5FF-30EAA9149160}.Release|Any CPU.Build.0 = Release|Any CPU
	EndGlobalSection
	GlobalSection(SolutionProperties) = preSolution
		HideSolutionNode = FALSE
	EndGlobalSection
	GlobalSection(ExtensibilityGlobals) = postSolution
		SolutionGuid = {49CF72FA-2046-479C-B3E3-2AFA6C31CC59}
	EndGlobalSection
EndGlobal
