
Microsoft Visual Studio Solution File, Format Version 12.00
# Visual Studio Version 17
VisualStudioVersion = 17.7.34031.279
MinimumVisualStudioVersion = 10.0.40219.1
Project("{FAE04EC0-301F-11D3-BF4B-00C04F79EFBC}") = "Lab_collection", "Lab_collection.csproj", "{68F9D145-0575-4E7F-A1BD-9A80E48AC720}"
EndProject
Global
	GlobalSection(SolutionConfigurationPlatforms) = preSolution
		Debug|Any CPU = Debug|Any CPU
		Release|Any CPU = Release|Any CPU
	EndGlobalSection
	GlobalSection(ProjectConfigurationPlatforms) = postSolution
		{68F9D145-0575-4E7F-A1BD-9A80E48AC720}.Debug|Any CPU.ActiveCfg = Debug|Any CPU
		{68F9D145-0575-4E7F-A1BD-9A80E48AC720}.Debug|Any CPU.Build.0 = Debug|Any CPU
		{68F9D145-0575-4E7F-A1BD-9A80E48AC720}.Release|Any CPU.ActiveCfg = Release|Any CPU
		{68F9D145-0575-4E7F-A1BD-9A80E48AC720}.Release|Any CPU.Build.0 = Release|Any CPU
	EndGlobalSection
	GlobalSection(SolutionProperties) = preSolution
		HideSolutionNode = FALSE
	EndGlobalSection
	GlobalSection(ExtensibilityGlobals) = postSolution
		SolutionGuid = {445E6867-7C8A-4C23-8913-6C9B7DC731FB}
	EndGlobalSection
EndGlobal
