
Microsoft Visual Studio Solution File, Format Version 12.00
# Visual Studio Version 17
VisualStudioVersion = 17.7.34031.279
MinimumVisualStudioVersion = 10.0.40219.1
Project("{FAE04EC0-301F-11D3-BF4B-00C04F79EFBC}") = "1_Kifiuk", "1_Kifiuk\1_Kifiuk.csproj", "{5803C1E5-D5A5-47B2-ABB8-6B11C6F8EBB5}"
EndProject
Project("{FAE04EC0-301F-11D3-BF4B-00C04F79EFBC}") = "1.1_Kifiuk", "1.1_Kifiuk\1.1_Kifiuk.csproj", "{350A5FAA-2570-4F31-ADD7-C2701B52B57D}"
EndProject
Global
	GlobalSection(SolutionConfigurationPlatforms) = preSolution
		Debug|Any CPU = Debug|Any CPU
		Release|Any CPU = Release|Any CPU
	EndGlobalSection
	GlobalSection(ProjectConfigurationPlatforms) = postSolution
		{5803C1E5-D5A5-47B2-ABB8-6B11C6F8EBB5}.Debug|Any CPU.ActiveCfg = Debug|Any CPU
		{5803C1E5-D5A5-47B2-ABB8-6B11C6F8EBB5}.Debug|Any CPU.Build.0 = Debug|Any CPU
		{5803C1E5-D5A5-47B2-ABB8-6B11C6F8EBB5}.Release|Any CPU.ActiveCfg = Release|Any CPU
		{5803C1E5-D5A5-47B2-ABB8-6B11C6F8EBB5}.Release|Any CPU.Build.0 = Release|Any CPU
		{350A5FAA-2570-4F31-ADD7-C2701B52B57D}.Debug|Any CPU.ActiveCfg = Debug|Any CPU
		{350A5FAA-2570-4F31-ADD7-C2701B52B57D}.Debug|Any CPU.Build.0 = Debug|Any CPU
		{350A5FAA-2570-4F31-ADD7-C2701B52B57D}.Release|Any CPU.ActiveCfg = Release|Any CPU
		{350A5FAA-2570-4F31-ADD7-C2701B52B57D}.Release|Any CPU.Build.0 = Release|Any CPU
	EndGlobalSection
	GlobalSection(SolutionProperties) = preSolution
		HideSolutionNode = FALSE
	EndGlobalSection
	GlobalSection(ExtensibilityGlobals) = postSolution
		SolutionGuid = {DFD7412E-D75B-4A69-8EC2-45AC44261A7B}
	EndGlobalSection
EndGlobal
