
Microsoft Visual Studio Solution File, Format Version 12.00
# Visual Studio Version 17
VisualStudioVersion = 17.7.34031.279
MinimumVisualStudioVersion = 10.0.40219.1
Project("{FAE04EC0-301F-11D3-BF4B-00C04F79EFBC}") = "Lab_Arrays_multi", "Lab_Arrays_multi.csproj", "{FFDAD501-42B4-4079-BB5E-BA83208BC814}"
EndProject
Global
	GlobalSection(SolutionConfigurationPlatforms) = preSolution
		Debug|Any CPU = Debug|Any CPU
		Release|Any CPU = Release|Any CPU
	EndGlobalSection
	GlobalSection(ProjectConfigurationPlatforms) = postSolution
		{FFDAD501-42B4-4079-BB5E-BA83208BC814}.Debug|Any CPU.ActiveCfg = Debug|Any CPU
		{FFDAD501-42B4-4079-BB5E-BA83208BC814}.Debug|Any CPU.Build.0 = Debug|Any CPU
		{FFDAD501-42B4-4079-BB5E-BA83208BC814}.Release|Any CPU.ActiveCfg = Release|Any CPU
		{FFDAD501-42B4-4079-BB5E-BA83208BC814}.Release|Any CPU.Build.0 = Release|Any CPU
	EndGlobalSection
	GlobalSection(SolutionProperties) = preSolution
		HideSolutionNode = FALSE
	EndGlobalSection
	GlobalSection(ExtensibilityGlobals) = postSolution
		SolutionGuid = {2981A3E9-724C-4475-AFC1-9F24D0B42711}
	EndGlobalSection
EndGlobal
